<?xml version="1.0" encoding="utf-8"?>
<Project ToolsVersion="4.0" xmlns="http://schemas.microsoft.com/developer/msbuild/2003">
  <ItemGroup>
    <Filter Include="Source Files">
      <UniqueIdentifier>{4FC737F1-C7A5-4376-A066-2A32D752A2FF}</UniqueIdentifier>
      <Extensions>cpp;c;cc;cxx;c++;cppm;ixx;def;odl;idl;hpj;bat;asm;asmx</Extensions>
    </Filter>
    <Filter Include="Header Files">
      <UniqueIdentifier>{93995380-89BD-4b04-88EB-625FBE52EBFB}</UniqueIdentifier>
      <Extensions>h;hh;hpp;hxx;h++;hm;inl;inc;ipp;xsd</Extensions>
    </Filter>
    <Filter Include="Resource Files">
      <UniqueIdentifier>{67DA6AB6-F800-4c08-8B7A-83BB121AAD01}</UniqueIdentifier>
      <Extensions>rc;ico;cur;bmp;dlg;rc2;rct;bin;rgs;gif;jpg;jpeg;jpe;resx;tiff;tif;png;wav;mfcribbon-ms</Extensions>
    </Filter>
  </ItemGroup>
  <ItemGroup>
    <ClCompile Include="MainForm.cpp">
      <Filter>Source Files</Filter>
    </ClCompile>
    <ClCompile Include="RegisterControl.cpp">
      <Filter>Source Files</Filter>
    </ClCompile>
    <ClCompile Include="LoginControl.cpp">
      <Filter>Source Files</Filter>
    </ClCompile>
    <ClCompile Include="MainMenuControl.cpp">
      <Filter>Source Files</Filter>
    </ClCompile>
    <ClCompile Include="UserProfile.cpp">
      <Filter>Source Files</Filter>
    </ClCompile>
    <ClCompile Include="EventList.cpp">
      <Filter>Source Files</Filter>
    </ClCompile>
    <ClCompile Include="CreateEventForm.cpp">
      <Filter>Source Files</Filter>
    </ClCompile>
    <ClCompile Include="EventItem.cpp">
      <Filter>Source Files</Filter>
    </ClCompile>
    <ClCompile Include="Reservations.cpp">
      <Filter>Source Files</Filter>
    </ClCompile>
    <ClCompile Include="ReservationItem.cpp">
      <Filter>Source Files</Filter>
    </ClCompile>
    <ClCompile Include="EditProfileControl.cpp">
      <Filter>Source Files</Filter>
    </ClCompile>
    <ClCompile Include="EditEventControl.cpp">
      <Filter>Source Files</Filter>
    </ClCompile>
  </ItemGroup>
  <ItemGroup>
    <ClInclude Include="MainForm.h">
      <Filter>Header Files</Filter>
    </ClInclude>
    <ClInclude Include="LoginControl.h">
      <Filter>Header Files</Filter>
    </ClInclude>
    <ClInclude Include="RegisterControl.h">
      <Filter>Header Files</Filter>
    </ClInclude>
    <ClInclude Include="MainMenuControl.h">
      <Filter>Header Files</Filter>
    </ClInclude>
    <ClInclude Include="UserProfile.h">
      <Filter>Header Files</Filter>
    </ClInclude>
    <ClInclude Include="EventList.h">
      <Filter>Header Files</Filter>
    </ClInclude>
    <ClInclude Include="CreateEventForm.h">
      <Filter>Header Files</Filter>
    </ClInclude>
    <ClInclude Include="Session.h">
      <Filter>Header Files</Filter>
    </ClInclude>
    <ClInclude Include="EventItem.h">
      <Filter>Header Files</Filter>
    </ClInclude>
    <ClInclude Include="Reservations.h">
      <Filter>Header Files</Filter>
    </ClInclude>
    <ClInclude Include="ReservationItem.h">
      <Filter>Header Files</Filter>
    </ClInclude>
    <ClInclude Include="EditProfileControl.h">
      <Filter>Header Files</Filter>
    </ClInclude>
    <ClInclude Include="EditEventControl.h">
      <Filter>Header Files</Filter>
    </ClInclude>
  </ItemGroup>
</Project>